
Microsoft Visual Studio Solution File, Format Version 12.00
# Visual Studio Version 16
VisualStudioVersion = 16.0.30104.148
MinimumVisualStudioVersion = 10.0.40219.1
Project("{FAE04EC0-301F-11D3-BF4B-00C04F79EFBC}") = "321labs", "321labs\321labs.csproj", "{36BF8FDE-7B9E-4AF5-932F-B22C0E0B6D57}"
EndProject
Global
	GlobalSection(SolutionConfigurationPlatforms) = preSolution
		Debug|Any CPU = Debug|Any CPU
		Release|Any CPU = Release|Any CPU
	EndGlobalSection
	GlobalSection(ProjectConfigurationPlatforms) = postSolution
		{36BF8FDE-7B9E-4AF5-932F-B22C0E0B6D57}.Debug|Any CPU.ActiveCfg = Debug|Any CPU
		{36BF8FDE-7B9E-4AF5-932F-B22C0E0B6D57}.Debug|Any CPU.Build.0 = Debug|Any CPU
		{36BF8FDE-7B9E-4AF5-932F-B22C0E0B6D57}.Release|Any CPU.ActiveCfg = Release|Any CPU
		{36BF8FDE-7B9E-4AF5-932F-B22C0E0B6D57}.Release|Any CPU.Build.0 = Release|Any CPU
	EndGlobalSection
	GlobalSection(SolutionProperties) = preSolution
		HideSolutionNode = FALSE
	EndGlobalSection
	GlobalSection(ExtensibilityGlobals) = postSolution
		SolutionGuid = {DC6CB1E8-B63B-4658-9874-583E14E3C703}
	EndGlobalSection
EndGlobal
