
Microsoft Visual Studio Solution File, Format Version 12.00
# Visual Studio Version 16
VisualStudioVersion = 16.0.29728.190
MinimumVisualStudioVersion = 10.0.40219.1
Project("{FAE04EC0-301F-11D3-BF4B-00C04F79EFBC}") = "Game Rebuild", "Game Rebuild\Game Rebuild.csproj", "{B4BD1542-49DC-461C-B31B-80C9A079B24C}"
EndProject
Global
	GlobalSection(SolutionConfigurationPlatforms) = preSolution
		Debug|Any CPU = Debug|Any CPU
		Release|Any CPU = Release|Any CPU
	EndGlobalSection
	GlobalSection(ProjectConfigurationPlatforms) = postSolution
		{B4BD1542-49DC-461C-B31B-80C9A079B24C}.Debug|Any CPU.ActiveCfg = Debug|Any CPU
		{B4BD1542-49DC-461C-B31B-80C9A079B24C}.Debug|Any CPU.Build.0 = Debug|Any CPU
		{B4BD1542-49DC-461C-B31B-80C9A079B24C}.Release|Any CPU.ActiveCfg = Release|Any CPU
		{B4BD1542-49DC-461C-B31B-80C9A079B24C}.Release|Any CPU.Build.0 = Release|Any CPU
	EndGlobalSection
	GlobalSection(SolutionProperties) = preSolution
		HideSolutionNode = FALSE
	EndGlobalSection
	GlobalSection(ExtensibilityGlobals) = postSolution
		SolutionGuid = {16239A64-838F-45D7-B87B-6523AC3B91D0}
	EndGlobalSection
EndGlobal
